
Microsoft Visual Studio Solution File, Format Version 12.00
# Visual Studio Version 17
VisualStudioVersion = 17.6.33815.320
MinimumVisualStudioVersion = 10.0.40219.1
Project("{9A19103F-16F7-4668-BE54-9A1E7A4F7556}") = "LearningPlatform", "LearningPlatform.csproj", "{5A73F5A3-D689-4715-A0D0-AAE910158897}"
EndProject
Project("{9A19103F-16F7-4668-BE54-9A1E7A4F7556}") = "LearningPlatform.DAL", "..\LearningPlatform.DAL\LearningPlatform.DAL.csproj", "{D15E6A1F-4EDA-4988-8090-E957FD335E01}"
EndProject
Global
	GlobalSection(SolutionConfigurationPlatforms) = preSolution
		Debug|Any CPU = Debug|Any CPU
		Release|Any CPU = Release|Any CPU
	EndGlobalSection
	GlobalSection(ProjectConfigurationPlatforms) = postSolution
		{5A73F5A3-D689-4715-A0D0-AAE910158897}.Debug|Any CPU.ActiveCfg = Debug|Any CPU
		{5A73F5A3-D689-4715-A0D0-AAE910158897}.Debug|Any CPU.Build.0 = Debug|Any CPU
		{5A73F5A3-D689-4715-A0D0-AAE910158897}.Release|Any CPU.ActiveCfg = Release|Any CPU
		{5A73F5A3-D689-4715-A0D0-AAE910158897}.Release|Any CPU.Build.0 = Release|Any CPU
		{D15E6A1F-4EDA-4988-8090-E957FD335E01}.Debug|Any CPU.ActiveCfg = Debug|Any CPU
		{D15E6A1F-4EDA-4988-8090-E957FD335E01}.Debug|Any CPU.Build.0 = Debug|Any CPU
		{D15E6A1F-4EDA-4988-8090-E957FD335E01}.Release|Any CPU.ActiveCfg = Release|Any CPU
		{D15E6A1F-4EDA-4988-8090-E957FD335E01}.Release|Any CPU.Build.0 = Release|Any CPU
	EndGlobalSection
	GlobalSection(SolutionProperties) = preSolution
		HideSolutionNode = FALSE
	EndGlobalSection
	GlobalSection(ExtensibilityGlobals) = postSolution
		SolutionGuid = {4E32C279-FF55-49E7-9F48-ECF26FBA058E}
	EndGlobalSection
EndGlobal
